
Microsoft Visual Studio Solution File, Format Version 12.00
# Visual Studio Version 17
VisualStudioVersion = 17.2.32516.85
MinimumVisualStudioVersion = 10.0.40219.1
Project("{FAE04EC0-301F-11D3-BF4B-00C04F79EFBC}") = "TP2", "TP2\TP2.csproj", "{225686D7-F5AE-4A9D-805D-4BE48286DF0C}"
EndProject
Global
	GlobalSection(SolutionConfigurationPlatforms) = preSolution
		Debug|Any CPU = Debug|Any CPU
		Release|Any CPU = Release|Any CPU
	EndGlobalSection
	GlobalSection(ProjectConfigurationPlatforms) = postSolution
		{225686D7-F5AE-4A9D-805D-4BE48286DF0C}.Debug|Any CPU.ActiveCfg = Debug|Any CPU
		{225686D7-F5AE-4A9D-805D-4BE48286DF0C}.Debug|Any CPU.Build.0 = Debug|Any CPU
		{225686D7-F5AE-4A9D-805D-4BE48286DF0C}.Release|Any CPU.ActiveCfg = Release|Any CPU
		{225686D7-F5AE-4A9D-805D-4BE48286DF0C}.Release|Any CPU.Build.0 = Release|Any CPU
	EndGlobalSection
	GlobalSection(SolutionProperties) = preSolution
		HideSolutionNode = FALSE
	EndGlobalSection
	GlobalSection(ExtensibilityGlobals) = postSolution
		SolutionGuid = {10821736-0CB9-4739-885E-05211DDA9AEB}
	EndGlobalSection
EndGlobal
